
Microsoft Visual Studio Solution File, Format Version 12.00
# Visual Studio Version 17
VisualStudioVersion = 17.0.32126.317
MinimumVisualStudioVersion = 10.0.40219.1
Project("{FAE04EC0-301F-11D3-BF4B-00C04F79EFBC}") = "SWADELib", "SWADELib\SWADELib.csproj", "{51AF669A-7551-47EE-A3D3-D01886E75824}"
EndProject
Global
	GlobalSection(SolutionConfigurationPlatforms) = preSolution
		Debug|Any CPU = Debug|Any CPU
		Release|Any CPU = Release|Any CPU
	EndGlobalSection
	GlobalSection(ProjectConfigurationPlatforms) = postSolution
		{51AF669A-7551-47EE-A3D3-D01886E75824}.Debug|Any CPU.ActiveCfg = Debug|Any CPU
		{51AF669A-7551-47EE-A3D3-D01886E75824}.Debug|Any CPU.Build.0 = Debug|Any CPU
		{51AF669A-7551-47EE-A3D3-D01886E75824}.Release|Any CPU.ActiveCfg = Release|Any CPU
		{51AF669A-7551-47EE-A3D3-D01886E75824}.Release|Any CPU.Build.0 = Release|Any CPU
	EndGlobalSection
	GlobalSection(SolutionProperties) = preSolution
		HideSolutionNode = FALSE
	EndGlobalSection
	GlobalSection(ExtensibilityGlobals) = postSolution
		SolutionGuid = {A8816A8A-3CC0-49B7-8C53-33BD2BBB2C1D}
	EndGlobalSection
EndGlobal
